{
  "originHash" : "54b421b4284ebec2276cb2bddcdad2940e57ec7c360d62aef76a739709999dd9",
  "pins" : [
    {
      "identity" : "arclogger",
      "kind" : "remoteSourceControl",
      "location" : "https://github.com/arclabs-studio/ARCLogger",
      "state" : {
        "revision" : "c6fcb3571628d315e9fc7c00f28c12ac99fe42ca",
        "version" : "1.0.0"
      }
    }
  ],
  "version" : 3
}
